
Microsoft Visual Studio Solution File, Format Version 12.00
# Visual Studio 15
VisualStudioVersion = 15.0.28307.572
MinimumVisualStudioVersion = 10.0.40219.1
Project("{FAE04EC0-301F-11D3-BF4B-00C04F79EFBC}") = "Project", "Project\Project.csproj", "{B13B063C-2100-4CB2-88C5-F8F0C37B8562}"
EndProject
Global
	GlobalSection(SolutionConfigurationPlatforms) = preSolution
		Debug|Any CPU = Debug|Any CPU
		Release|Any CPU = Release|Any CPU
	EndGlobalSection
	GlobalSection(ProjectConfigurationPlatforms) = postSolution
		{B13B063C-2100-4CB2-88C5-F8F0C37B8562}.Debug|Any CPU.ActiveCfg = Debug|Any CPU
		{B13B063C-2100-4CB2-88C5-F8F0C37B8562}.Debug|Any CPU.Build.0 = Debug|Any CPU
		{B13B063C-2100-4CB2-88C5-F8F0C37B8562}.Release|Any CPU.ActiveCfg = Release|Any CPU
		{B13B063C-2100-4CB2-88C5-F8F0C37B8562}.Release|Any CPU.Build.0 = Release|Any CPU
	EndGlobalSection
	GlobalSection(SolutionProperties) = preSolution
		HideSolutionNode = FALSE
	EndGlobalSection
	GlobalSection(ExtensibilityGlobals) = postSolution
		SolutionGuid = {F5DD0121-E445-47E2-8E84-1DB414342C1B}
	EndGlobalSection
EndGlobal
